
Microsoft Visual Studio Solution File, Format Version 12.00
# Visual Studio Version 17
VisualStudioVersion = 17.4.33205.214
MinimumVisualStudioVersion = 10.0.40219.1
Project("{FAE04EC0-301F-11D3-BF4B-00C04F79EFBC}") = "DimanaGames", "DimanaGames\DimanaGames.csproj", "{764B2C17-62E8-4C92-8375-89A4D0841B7A}"
EndProject
Global
	GlobalSection(SolutionConfigurationPlatforms) = preSolution
		Debug|Any CPU = Debug|Any CPU
		Release|Any CPU = Release|Any CPU
	EndGlobalSection
	GlobalSection(ProjectConfigurationPlatforms) = postSolution
		{764B2C17-62E8-4C92-8375-89A4D0841B7A}.Debug|Any CPU.ActiveCfg = Debug|Any CPU
		{764B2C17-62E8-4C92-8375-89A4D0841B7A}.Debug|Any CPU.Build.0 = Debug|Any CPU
		{764B2C17-62E8-4C92-8375-89A4D0841B7A}.Release|Any CPU.ActiveCfg = Release|Any CPU
		{764B2C17-62E8-4C92-8375-89A4D0841B7A}.Release|Any CPU.Build.0 = Release|Any CPU
	EndGlobalSection
	GlobalSection(SolutionProperties) = preSolution
		HideSolutionNode = FALSE
	EndGlobalSection
	GlobalSection(ExtensibilityGlobals) = postSolution
		SolutionGuid = {7FF3FFEC-C999-4CB3-8F17-BC8C61039022}
	EndGlobalSection
EndGlobal
